
Microsoft Visual Studio Solution File, Format Version 12.00
# Visual Studio 15
VisualStudioVersion = 15.0.27004.2009
MinimumVisualStudioVersion = 10.0.40219.1
Project("{9A19103F-16F7-4668-BE54-9A1E7A4F7556}") = "Business", "Business\Business.csproj", "{EC352D3E-2B07-45E3-A9C0-A8BB705CD76F}"
	ProjectSection(ProjectDependencies) = postProject
		{41F3272E-33E2-4079-A53B-364B6B1E0212} = {41F3272E-33E2-4079-A53B-364B6B1E0212}
	EndProjectSection
EndProject
Project("{9A19103F-16F7-4668-BE54-9A1E7A4F7556}") = "DataAccess", "DataAccess\DataAccess.csproj", "{41F3272E-33E2-4079-A53B-364B6B1E0212}"
EndProject
Project("{9A19103F-16F7-4668-BE54-9A1E7A4F7556}") = "DomainObjects", "DomainObjects\DomainObjects.csproj", "{DB4E3F73-BAB0-40D7-B80B-C5C285D95F51}"
EndProject
Project("{9A19103F-16F7-4668-BE54-9A1E7A4F7556}") = "Util", "Util\Util.csproj", "{2797D810-9659-429F-8D61-66A9E3824C22}"
EndProject
Project("{9A19103F-16F7-4668-BE54-9A1E7A4F7556}") = "Model", "Model\Model.csproj", "{F809A797-2814-480C-815E-CB8385555EED}"
EndProject
Project("{9A19103F-16F7-4668-BE54-9A1E7A4F7556}") = "Api", "Api\Api.csproj", "{BBAB5AB6-FDA8-4E94-8A67-6B3FAA814ADC}"
EndProject
Project("{9A19103F-16F7-4668-BE54-9A1E7A4F7556}") = "Web", "Web\Web.csproj", "{F8C63F21-B542-4EF2-AF21-82B6E8AEEAF9}"
EndProject
Project("{9A19103F-16F7-4668-BE54-9A1E7A4F7556}") = "DataAccessInterfaces", "DataAccessInterfaces\DataAccessInterfaces.csproj", "{B4C81CE7-B54A-4164-B0AE-F29BF2278ABF}"
EndProject
Project("{9A19103F-16F7-4668-BE54-9A1E7A4F7556}") = "Test", "Test\Test.csproj", "{F96CC12C-3907-4632-A75C-8AA34B9CDA63}"
EndProject
Project("{9A19103F-16F7-4668-BE54-9A1E7A4F7556}") = "DataAccessMock", "DataAccessMock\DataAccessMock.csproj", "{E57F5409-82CF-4DCB-B100-CC3DB18B6398}"
EndProject
Project("{FAE04EC0-301F-11D3-BF4B-00C04F79EFBC}") = "WebSocketClient", "WebSocketClient\WebSocketClient.csproj", "{0ABAE679-3C1F-4B69-96A1-31B8B2FA94F5}"
EndProject
Global
	GlobalSection(SolutionConfigurationPlatforms) = preSolution
		Debug|Any CPU = Debug|Any CPU
		Release|Any CPU = Release|Any CPU
	EndGlobalSection
	GlobalSection(ProjectConfigurationPlatforms) = postSolution
		{EC352D3E-2B07-45E3-A9C0-A8BB705CD76F}.Debug|Any CPU.ActiveCfg = Debug|Any CPU
		{EC352D3E-2B07-45E3-A9C0-A8BB705CD76F}.Debug|Any CPU.Build.0 = Debug|Any CPU
		{EC352D3E-2B07-45E3-A9C0-A8BB705CD76F}.Release|Any CPU.ActiveCfg = Release|Any CPU
		{EC352D3E-2B07-45E3-A9C0-A8BB705CD76F}.Release|Any CPU.Build.0 = Release|Any CPU
		{41F3272E-33E2-4079-A53B-364B6B1E0212}.Debug|Any CPU.ActiveCfg = Debug|Any CPU
		{41F3272E-33E2-4079-A53B-364B6B1E0212}.Debug|Any CPU.Build.0 = Debug|Any CPU
		{41F3272E-33E2-4079-A53B-364B6B1E0212}.Release|Any CPU.ActiveCfg = Release|Any CPU
		{41F3272E-33E2-4079-A53B-364B6B1E0212}.Release|Any CPU.Build.0 = Release|Any CPU
		{DB4E3F73-BAB0-40D7-B80B-C5C285D95F51}.Debug|Any CPU.ActiveCfg = Debug|Any CPU
		{DB4E3F73-BAB0-40D7-B80B-C5C285D95F51}.Debug|Any CPU.Build.0 = Debug|Any CPU
		{DB4E3F73-BAB0-40D7-B80B-C5C285D95F51}.Release|Any CPU.ActiveCfg = Release|Any CPU
		{DB4E3F73-BAB0-40D7-B80B-C5C285D95F51}.Release|Any CPU.Build.0 = Release|Any CPU
		{2797D810-9659-429F-8D61-66A9E3824C22}.Debug|Any CPU.ActiveCfg = Debug|Any CPU
		{2797D810-9659-429F-8D61-66A9E3824C22}.Debug|Any CPU.Build.0 = Debug|Any CPU
		{2797D810-9659-429F-8D61-66A9E3824C22}.Release|Any CPU.ActiveCfg = Release|Any CPU
		{2797D810-9659-429F-8D61-66A9E3824C22}.Release|Any CPU.Build.0 = Release|Any CPU
		{F809A797-2814-480C-815E-CB8385555EED}.Debug|Any CPU.ActiveCfg = Debug|Any CPU
		{F809A797-2814-480C-815E-CB8385555EED}.Debug|Any CPU.Build.0 = Debug|Any CPU
		{F809A797-2814-480C-815E-CB8385555EED}.Release|Any CPU.ActiveCfg = Release|Any CPU
		{F809A797-2814-480C-815E-CB8385555EED}.Release|Any CPU.Build.0 = Release|Any CPU
		{BBAB5AB6-FDA8-4E94-8A67-6B3FAA814ADC}.Debug|Any CPU.ActiveCfg = Debug|Any CPU
		{BBAB5AB6-FDA8-4E94-8A67-6B3FAA814ADC}.Debug|Any CPU.Build.0 = Debug|Any CPU
		{BBAB5AB6-FDA8-4E94-8A67-6B3FAA814ADC}.Release|Any CPU.ActiveCfg = Release|Any CPU
		{BBAB5AB6-FDA8-4E94-8A67-6B3FAA814ADC}.Release|Any CPU.Build.0 = Release|Any CPU
		{F8C63F21-B542-4EF2-AF21-82B6E8AEEAF9}.Debug|Any CPU.ActiveCfg = Debug|Any CPU
		{F8C63F21-B542-4EF2-AF21-82B6E8AEEAF9}.Debug|Any CPU.Build.0 = Debug|Any CPU
		{F8C63F21-B542-4EF2-AF21-82B6E8AEEAF9}.Release|Any CPU.ActiveCfg = Release|Any CPU
		{F8C63F21-B542-4EF2-AF21-82B6E8AEEAF9}.Release|Any CPU.Build.0 = Release|Any CPU
		{B4C81CE7-B54A-4164-B0AE-F29BF2278ABF}.Debug|Any CPU.ActiveCfg = Debug|Any CPU
		{B4C81CE7-B54A-4164-B0AE-F29BF2278ABF}.Debug|Any CPU.Build.0 = Debug|Any CPU
		{B4C81CE7-B54A-4164-B0AE-F29BF2278ABF}.Release|Any CPU.ActiveCfg = Release|Any CPU
		{B4C81CE7-B54A-4164-B0AE-F29BF2278ABF}.Release|Any CPU.Build.0 = Release|Any CPU
		{F96CC12C-3907-4632-A75C-8AA34B9CDA63}.Debug|Any CPU.ActiveCfg = Debug|Any CPU
		{F96CC12C-3907-4632-A75C-8AA34B9CDA63}.Debug|Any CPU.Build.0 = Debug|Any CPU
		{F96CC12C-3907-4632-A75C-8AA34B9CDA63}.Release|Any CPU.ActiveCfg = Release|Any CPU
		{F96CC12C-3907-4632-A75C-8AA34B9CDA63}.Release|Any CPU.Build.0 = Release|Any CPU
		{E57F5409-82CF-4DCB-B100-CC3DB18B6398}.Debug|Any CPU.ActiveCfg = Debug|Any CPU
		{E57F5409-82CF-4DCB-B100-CC3DB18B6398}.Debug|Any CPU.Build.0 = Debug|Any CPU
		{E57F5409-82CF-4DCB-B100-CC3DB18B6398}.Release|Any CPU.ActiveCfg = Release|Any CPU
		{E57F5409-82CF-4DCB-B100-CC3DB18B6398}.Release|Any CPU.Build.0 = Release|Any CPU
		{0ABAE679-3C1F-4B69-96A1-31B8B2FA94F5}.Debug|Any CPU.ActiveCfg = Debug|Any CPU
		{0ABAE679-3C1F-4B69-96A1-31B8B2FA94F5}.Debug|Any CPU.Build.0 = Debug|Any CPU
		{0ABAE679-3C1F-4B69-96A1-31B8B2FA94F5}.Release|Any CPU.ActiveCfg = Release|Any CPU
		{0ABAE679-3C1F-4B69-96A1-31B8B2FA94F5}.Release|Any CPU.Build.0 = Release|Any CPU
	EndGlobalSection
	GlobalSection(SolutionProperties) = preSolution
		HideSolutionNode = FALSE
	EndGlobalSection
	GlobalSection(ExtensibilityGlobals) = postSolution
		SolutionGuid = {E73B564C-CE86-4CEE-84F9-627668A48DAE}
	EndGlobalSection
EndGlobal
